
Microsoft Visual Studio Solution File, Format Version 12.00
# Visual Studio 15
VisualStudioVersion = 15.0.27703.2042
MinimumVisualStudioVersion = 10.0.40219.1
Project("{FAE04EC0-301F-11D3-BF4B-00C04F79EFBC}") = "LiarsDice.Library", "LiarsDice.Library\LiarsDice.Library.csproj", "{05624F92-F644-4810-B953-773BC7720742}"
EndProject
Project("{FAE04EC0-301F-11D3-BF4B-00C04F79EFBC}") = "LiarsDice.Client", "LiarsDice.Client\LiarsDice.Client.csproj", "{B2DB589C-10C7-4662-B38D-5E03B714D50C}"
EndProject
Project("{FAE04EC0-301F-11D3-BF4B-00C04F79EFBC}") = "LiarsDice.Test", "LiarsDice.Test\LiarsDice.Test.csproj", "{D4DB6C3B-68FA-4DFB-BEE7-936D6EA7876E}"
EndProject
Global
	GlobalSection(SolutionConfigurationPlatforms) = preSolution
		Debug|Any CPU = Debug|Any CPU
		Release|Any CPU = Release|Any CPU
	EndGlobalSection
	GlobalSection(ProjectConfigurationPlatforms) = postSolution
		{05624F92-F644-4810-B953-773BC7720742}.Debug|Any CPU.ActiveCfg = Debug|Any CPU
		{05624F92-F644-4810-B953-773BC7720742}.Debug|Any CPU.Build.0 = Debug|Any CPU
		{05624F92-F644-4810-B953-773BC7720742}.Release|Any CPU.ActiveCfg = Release|Any CPU
		{05624F92-F644-4810-B953-773BC7720742}.Release|Any CPU.Build.0 = Release|Any CPU
		{B2DB589C-10C7-4662-B38D-5E03B714D50C}.Debug|Any CPU.ActiveCfg = Debug|Any CPU
		{B2DB589C-10C7-4662-B38D-5E03B714D50C}.Debug|Any CPU.Build.0 = Debug|Any CPU
		{B2DB589C-10C7-4662-B38D-5E03B714D50C}.Release|Any CPU.ActiveCfg = Release|Any CPU
		{B2DB589C-10C7-4662-B38D-5E03B714D50C}.Release|Any CPU.Build.0 = Release|Any CPU
		{D4DB6C3B-68FA-4DFB-BEE7-936D6EA7876E}.Debug|Any CPU.ActiveCfg = Debug|Any CPU
		{D4DB6C3B-68FA-4DFB-BEE7-936D6EA7876E}.Debug|Any CPU.Build.0 = Debug|Any CPU
		{D4DB6C3B-68FA-4DFB-BEE7-936D6EA7876E}.Release|Any CPU.ActiveCfg = Release|Any CPU
		{D4DB6C3B-68FA-4DFB-BEE7-936D6EA7876E}.Release|Any CPU.Build.0 = Release|Any CPU
	EndGlobalSection
	GlobalSection(SolutionProperties) = preSolution
		HideSolutionNode = FALSE
	EndGlobalSection
	GlobalSection(ExtensibilityGlobals) = postSolution
		SolutionGuid = {294292C8-5985-478F-82FB-9E88B8321EAB}
	EndGlobalSection
EndGlobal
